
Microsoft Visual Studio Solution File, Format Version 9.00
# Visual Studio 2005
Project("{8BC9CEB8-8B4A-11D0-8D11-00A0C91BC942}") = "mt_react_srvr", "mt_react_srvr.vcproj", "{CE52B8A8-A737-4779-8689-2A9EF9B37911}"
EndProject
Global
	GlobalSection(SolutionConfigurationPlatforms) = preSolution
		Debug|Win32 = Debug|Win32
		Release|Win32 = Release|Win32
	EndGlobalSection
	GlobalSection(ProjectConfigurationPlatforms) = postSolution
		{CE52B8A8-A737-4779-8689-2A9EF9B37911}.Debug|Win32.ActiveCfg = Debug|Win32
		{CE52B8A8-A737-4779-8689-2A9EF9B37911}.Debug|Win32.Build.0 = Debug|Win32
		{CE52B8A8-A737-4779-8689-2A9EF9B37911}.Release|Win32.ActiveCfg = Release|Win32
		{CE52B8A8-A737-4779-8689-2A9EF9B37911}.Release|Win32.Build.0 = Release|Win32
	EndGlobalSection
	GlobalSection(SolutionProperties) = preSolution
		HideSolutionNode = FALSE
	EndGlobalSection
EndGlobal
