
Microsoft Visual Studio Solution File, Format Version 9.00
# Visual Studio 2005
Project("{8BC9CEB8-8B4A-11D0-8D11-00A0C91BC942}") = "rwmutex", "rwmutex.vcproj", "{46447F11-4339-477C-B5C3-E6E5D3409847}"
EndProject
Global
	GlobalSection(SolutionConfigurationPlatforms) = preSolution
		Debug|Win32 = Debug|Win32
		Release|Win32 = Release|Win32
	EndGlobalSection
	GlobalSection(ProjectConfigurationPlatforms) = postSolution
		{46447F11-4339-477C-B5C3-E6E5D3409847}.Debug|Win32.ActiveCfg = Debug|Win32
		{46447F11-4339-477C-B5C3-E6E5D3409847}.Debug|Win32.Build.0 = Debug|Win32
		{46447F11-4339-477C-B5C3-E6E5D3409847}.Release|Win32.ActiveCfg = Release|Win32
		{46447F11-4339-477C-B5C3-E6E5D3409847}.Release|Win32.Build.0 = Release|Win32
	EndGlobalSection
	GlobalSection(SolutionProperties) = preSolution
		HideSolutionNode = FALSE
	EndGlobalSection
EndGlobal
