
Microsoft Visual Studio Solution File, Format Version 9.00
# Visual Studio 2005
Project("{8BC9CEB8-8B4A-11D0-8D11-00A0C91BC942}") = "imp", "imp.vcproj", "{22C8150A-9FD0-47E4-B4C3-64DF16C4FB10}"
EndProject
Global
	GlobalSection(SolutionConfigurationPlatforms) = preSolution
		Debug|Win32 = Debug|Win32
		Release|Win32 = Release|Win32
	EndGlobalSection
	GlobalSection(ProjectConfigurationPlatforms) = postSolution
		{22C8150A-9FD0-47E4-B4C3-64DF16C4FB10}.Debug|Win32.ActiveCfg = Debug|Win32
		{22C8150A-9FD0-47E4-B4C3-64DF16C4FB10}.Debug|Win32.Build.0 = Debug|Win32
		{22C8150A-9FD0-47E4-B4C3-64DF16C4FB10}.Release|Win32.ActiveCfg = Release|Win32
		{22C8150A-9FD0-47E4-B4C3-64DF16C4FB10}.Release|Win32.Build.0 = Release|Win32
	EndGlobalSection
	GlobalSection(SolutionProperties) = preSolution
		HideSolutionNode = FALSE
	EndGlobalSection
EndGlobal
