
Microsoft Visual Studio Solution File, Format Version 9.00
# Visual Studio 2005
Project("{8BC9CEB8-8B4A-11D0-8D11-00A0C91BC942}") = "wfmo_react_srvr", "wfmo_react_srvr.vcproj", "{B0845C54-2DC5-43E0-9EC8-7B17074697EA}"
EndProject
Project("{8BC9CEB8-8B4A-11D0-8D11-00A0C91BC942}") = "prio_clnt", "..\prio_clnt\prio_clnt.vcproj", "{CFE3639E-DDB1-416D-84C3-2B9E9D641002}"
EndProject
Global
	GlobalSection(SolutionConfigurationPlatforms) = preSolution
		Debug|Win32 = Debug|Win32
		Release|Win32 = Release|Win32
	EndGlobalSection
	GlobalSection(ProjectConfigurationPlatforms) = postSolution
		{B0845C54-2DC5-43E0-9EC8-7B17074697EA}.Debug|Win32.ActiveCfg = Debug|Win32
		{B0845C54-2DC5-43E0-9EC8-7B17074697EA}.Debug|Win32.Build.0 = Debug|Win32
		{B0845C54-2DC5-43E0-9EC8-7B17074697EA}.Release|Win32.ActiveCfg = Release|Win32
		{B0845C54-2DC5-43E0-9EC8-7B17074697EA}.Release|Win32.Build.0 = Release|Win32
		{CFE3639E-DDB1-416D-84C3-2B9E9D641002}.Debug|Win32.ActiveCfg = Debug|Win32
		{CFE3639E-DDB1-416D-84C3-2B9E9D641002}.Debug|Win32.Build.0 = Debug|Win32
		{CFE3639E-DDB1-416D-84C3-2B9E9D641002}.Release|Win32.ActiveCfg = Release|Win32
		{CFE3639E-DDB1-416D-84C3-2B9E9D641002}.Release|Win32.Build.0 = Release|Win32
	EndGlobalSection
	GlobalSection(SolutionProperties) = preSolution
		HideSolutionNode = FALSE
	EndGlobalSection
EndGlobal
