
Microsoft Visual Studio Solution File, Format Version 9.00
# Visual Studio 2005
Project("{8BC9CEB8-8B4A-11D0-8D11-00A0C91BC942}") = "remote", "remote.vcproj", "{6592229B-B531-4AC8-B81D-76E4D3E0E2CF}"
EndProject
Global
	GlobalSection(SolutionConfigurationPlatforms) = preSolution
		Debug|Win32 = Debug|Win32
		Release|Win32 = Release|Win32
	EndGlobalSection
	GlobalSection(ProjectConfigurationPlatforms) = postSolution
		{6592229B-B531-4AC8-B81D-76E4D3E0E2CF}.Debug|Win32.ActiveCfg = Debug|Win32
		{6592229B-B531-4AC8-B81D-76E4D3E0E2CF}.Debug|Win32.Build.0 = Debug|Win32
		{6592229B-B531-4AC8-B81D-76E4D3E0E2CF}.Release|Win32.ActiveCfg = Release|Win32
		{6592229B-B531-4AC8-B81D-76E4D3E0E2CF}.Release|Win32.Build.0 = Release|Win32
	EndGlobalSection
	GlobalSection(SolutionProperties) = preSolution
		HideSolutionNode = FALSE
	EndGlobalSection
EndGlobal
