
Microsoft Visual Studio Solution File, Format Version 9.00
# Visual Studio 2005
Project("{8BC9CEB8-8B4A-11D0-8D11-00A0C91BC942}") = "tss_scene1", "tss_scene1.vcproj", "{457ED771-6006-457E-BF3E-71D8E88FFBB8}"
EndProject
Global
	GlobalSection(SolutionConfigurationPlatforms) = preSolution
		Debug|Win32 = Debug|Win32
		Release|Win32 = Release|Win32
	EndGlobalSection
	GlobalSection(ProjectConfigurationPlatforms) = postSolution
		{457ED771-6006-457E-BF3E-71D8E88FFBB8}.Debug|Win32.ActiveCfg = Debug|Win32
		{457ED771-6006-457E-BF3E-71D8E88FFBB8}.Debug|Win32.Build.0 = Debug|Win32
		{457ED771-6006-457E-BF3E-71D8E88FFBB8}.Release|Win32.ActiveCfg = Release|Win32
		{457ED771-6006-457E-BF3E-71D8E88FFBB8}.Release|Win32.Build.0 = Release|Win32
	EndGlobalSection
	GlobalSection(SolutionProperties) = preSolution
		HideSolutionNode = FALSE
	EndGlobalSection
EndGlobal
