
Microsoft Visual Studio Solution File, Format Version 9.00
# Visual Studio 2005
Project("{8BC9CEB8-8B4A-11D0-8D11-00A0C91BC942}") = "philosopher", "philosopher.vcproj", "{3E7C4C18-6CAC-4C95-B5C7-20BFA37EB7EC}"
EndProject
Global
	GlobalSection(SolutionConfigurationPlatforms) = preSolution
		Debug|Win32 = Debug|Win32
		Release|Win32 = Release|Win32
	EndGlobalSection
	GlobalSection(ProjectConfigurationPlatforms) = postSolution
		{3E7C4C18-6CAC-4C95-B5C7-20BFA37EB7EC}.Debug|Win32.ActiveCfg = Debug|Win32
		{3E7C4C18-6CAC-4C95-B5C7-20BFA37EB7EC}.Debug|Win32.Build.0 = Debug|Win32
		{3E7C4C18-6CAC-4C95-B5C7-20BFA37EB7EC}.Release|Win32.ActiveCfg = Release|Win32
		{3E7C4C18-6CAC-4C95-B5C7-20BFA37EB7EC}.Release|Win32.Build.0 = Release|Win32
	EndGlobalSection
	GlobalSection(SolutionProperties) = preSolution
		HideSolutionNode = FALSE
	EndGlobalSection
EndGlobal
