
Microsoft Visual Studio Solution File, Format Version 9.00
# Visual Studio 2005
Project("{8BC9CEB8-8B4A-11D0-8D11-00A0C91BC942}") = "rw", "rw.vcproj", "{30DEBBE6-0ED4-4891-BC36-E33D8F572EFF}"
EndProject
Global
	GlobalSection(SolutionConfigurationPlatforms) = preSolution
		Debug|Win32 = Debug|Win32
		Release|Win32 = Release|Win32
	EndGlobalSection
	GlobalSection(ProjectConfigurationPlatforms) = postSolution
		{30DEBBE6-0ED4-4891-BC36-E33D8F572EFF}.Debug|Win32.ActiveCfg = Debug|Win32
		{30DEBBE6-0ED4-4891-BC36-E33D8F572EFF}.Debug|Win32.Build.0 = Debug|Win32
		{30DEBBE6-0ED4-4891-BC36-E33D8F572EFF}.Release|Win32.ActiveCfg = Release|Win32
		{30DEBBE6-0ED4-4891-BC36-E33D8F572EFF}.Release|Win32.Build.0 = Release|Win32
	EndGlobalSection
	GlobalSection(SolutionProperties) = preSolution
		HideSolutionNode = FALSE
	EndGlobalSection
EndGlobal
