
Microsoft Visual Studio Solution File, Format Version 9.00
# Visual Studio 2005
Project("{8BC9CEB8-8B4A-11D0-8D11-00A0C91BC942}") = "unmanaged", "unmanaged.vcproj", "{3523B3F9-8C89-48EF-85C2-E6DA175F4F4F}"
EndProject
Project("{8BC9CEB8-8B4A-11D0-8D11-00A0C91BC942}") = "quiter", "..\quiter\quiter.vcproj", "{751D5AA0-D519-44C5-8C12-0235AB99693B}"
EndProject
Global
	GlobalSection(SolutionConfigurationPlatforms) = preSolution
		Debug|Win32 = Debug|Win32
		Release|Win32 = Release|Win32
	EndGlobalSection
	GlobalSection(ProjectConfigurationPlatforms) = postSolution
		{3523B3F9-8C89-48EF-85C2-E6DA175F4F4F}.Debug|Win32.ActiveCfg = Debug|Win32
		{3523B3F9-8C89-48EF-85C2-E6DA175F4F4F}.Debug|Win32.Build.0 = Debug|Win32
		{3523B3F9-8C89-48EF-85C2-E6DA175F4F4F}.Release|Win32.ActiveCfg = Release|Win32
		{3523B3F9-8C89-48EF-85C2-E6DA175F4F4F}.Release|Win32.Build.0 = Release|Win32
		{751D5AA0-D519-44C5-8C12-0235AB99693B}.Debug|Win32.ActiveCfg = Debug|Win32
		{751D5AA0-D519-44C5-8C12-0235AB99693B}.Debug|Win32.Build.0 = Debug|Win32
		{751D5AA0-D519-44C5-8C12-0235AB99693B}.Release|Win32.ActiveCfg = Release|Win32
		{751D5AA0-D519-44C5-8C12-0235AB99693B}.Release|Win32.Build.0 = Release|Win32
	EndGlobalSection
	GlobalSection(SolutionProperties) = preSolution
		HideSolutionNode = FALSE
	EndGlobalSection
EndGlobal
