
Microsoft Visual Studio Solution File, Format Version 9.00
# Visual Studio 2005
Project("{8BC9CEB8-8B4A-11D0-8D11-00A0C91BC942}") = "slave", "slave.vcproj", "{F076D47E-523B-4A55-A668-31393522BED2}"
EndProject
Global
	GlobalSection(SolutionConfigurationPlatforms) = preSolution
		Debug|Win32 = Debug|Win32
		Release|Win32 = Release|Win32
	EndGlobalSection
	GlobalSection(ProjectConfigurationPlatforms) = postSolution
		{F076D47E-523B-4A55-A668-31393522BED2}.Debug|Win32.ActiveCfg = Debug|Win32
		{F076D47E-523B-4A55-A668-31393522BED2}.Debug|Win32.Build.0 = Debug|Win32
		{F076D47E-523B-4A55-A668-31393522BED2}.Release|Win32.ActiveCfg = Release|Win32
		{F076D47E-523B-4A55-A668-31393522BED2}.Release|Win32.Build.0 = Release|Win32
	EndGlobalSection
	GlobalSection(SolutionProperties) = preSolution
		HideSolutionNode = FALSE
	EndGlobalSection
EndGlobal
