
Microsoft Visual Studio Solution File, Format Version 9.00
# Visual Studio 2005
Project("{8BC9CEB8-8B4A-11D0-8D11-00A0C91BC942}") = "react_srvr", "react_srvr.vcproj", "{1E533F13-5B92-4371-BAB2-CC71159C9130}"
EndProject
Project("{8BC9CEB8-8B4A-11D0-8D11-00A0C91BC942}") = "clnt", "..\react_clnt\clnt.vcproj", "{1C913318-D344-4B57-B2AB-829BC5953CA3}"
EndProject
Global
	GlobalSection(SolutionConfigurationPlatforms) = preSolution
		Debug|Win32 = Debug|Win32
		Release|Win32 = Release|Win32
	EndGlobalSection
	GlobalSection(ProjectConfigurationPlatforms) = postSolution
		{1E533F13-5B92-4371-BAB2-CC71159C9130}.Debug|Win32.ActiveCfg = Debug|Win32
		{1E533F13-5B92-4371-BAB2-CC71159C9130}.Debug|Win32.Build.0 = Debug|Win32
		{1E533F13-5B92-4371-BAB2-CC71159C9130}.Release|Win32.ActiveCfg = Release|Win32
		{1E533F13-5B92-4371-BAB2-CC71159C9130}.Release|Win32.Build.0 = Release|Win32
		{1C913318-D344-4B57-B2AB-829BC5953CA3}.Debug|Win32.ActiveCfg = Debug|Win32
		{1C913318-D344-4B57-B2AB-829BC5953CA3}.Debug|Win32.Build.0 = Debug|Win32
		{1C913318-D344-4B57-B2AB-829BC5953CA3}.Release|Win32.ActiveCfg = Release|Win32
		{1C913318-D344-4B57-B2AB-829BC5953CA3}.Release|Win32.Build.0 = Release|Win32
	EndGlobalSection
	GlobalSection(SolutionProperties) = preSolution
		HideSolutionNode = FALSE
	EndGlobalSection
EndGlobal
