
Microsoft Visual Studio Solution File, Format Version 9.00
# Visual Studio 2005
Project("{8BC9CEB8-8B4A-11D0-8D11-00A0C91BC942}") = "conf", "conf.vcproj", "{62CD9539-1EE8-43F2-AA55-E210BE8AF9EE}"
EndProject
Global
	GlobalSection(SolutionConfigurationPlatforms) = preSolution
		Debug|Win32 = Debug|Win32
		Release|Win32 = Release|Win32
	EndGlobalSection
	GlobalSection(ProjectConfigurationPlatforms) = postSolution
		{62CD9539-1EE8-43F2-AA55-E210BE8AF9EE}.Debug|Win32.ActiveCfg = Debug|Win32
		{62CD9539-1EE8-43F2-AA55-E210BE8AF9EE}.Debug|Win32.Build.0 = Debug|Win32
		{62CD9539-1EE8-43F2-AA55-E210BE8AF9EE}.Release|Win32.ActiveCfg = Release|Win32
		{62CD9539-1EE8-43F2-AA55-E210BE8AF9EE}.Release|Win32.Build.0 = Release|Win32
	EndGlobalSection
	GlobalSection(SolutionProperties) = preSolution
		HideSolutionNode = FALSE
	EndGlobalSection
EndGlobal
