
Microsoft Visual Studio Solution File, Format Version 9.00
# Visual Studio 2005
Project("{8BC9CEB8-8B4A-11D0-8D11-00A0C91BC942}") = "thr_atexit", "thr_atexit.vcproj", "{779BEFA2-94EC-45BF-983D-93E180274765}"
EndProject
Global
	GlobalSection(SolutionConfigurationPlatforms) = preSolution
		Debug|Win32 = Debug|Win32
		Release|Win32 = Release|Win32
	EndGlobalSection
	GlobalSection(ProjectConfigurationPlatforms) = postSolution
		{779BEFA2-94EC-45BF-983D-93E180274765}.Debug|Win32.ActiveCfg = Debug|Win32
		{779BEFA2-94EC-45BF-983D-93E180274765}.Debug|Win32.Build.0 = Debug|Win32
		{779BEFA2-94EC-45BF-983D-93E180274765}.Release|Win32.ActiveCfg = Release|Win32
		{779BEFA2-94EC-45BF-983D-93E180274765}.Release|Win32.Build.0 = Release|Win32
	EndGlobalSection
	GlobalSection(SolutionProperties) = preSolution
		HideSolutionNode = FALSE
	EndGlobalSection
EndGlobal
