
Microsoft Visual Studio Solution File, Format Version 9.00
# Visual Studio 2005
Project("{8BC9CEB8-8B4A-11D0-8D11-00A0C91BC942}") = "prio_react_srvr", "prio_react_srvr.vcproj", "{4F3EF6C2-A0CF-467B-82CB-16C5D2602369}"
EndProject
Project("{8BC9CEB8-8B4A-11D0-8D11-00A0C91BC942}") = "prio_clnt", "..\prio_clnt\prio_clnt.vcproj", "{CFE3639E-DDB1-416D-84C3-2B9E9D641002}"
EndProject
Global
	GlobalSection(SolutionConfigurationPlatforms) = preSolution
		Debug|Win32 = Debug|Win32
		Release|Win32 = Release|Win32
	EndGlobalSection
	GlobalSection(ProjectConfigurationPlatforms) = postSolution
		{4F3EF6C2-A0CF-467B-82CB-16C5D2602369}.Debug|Win32.ActiveCfg = Debug|Win32
		{4F3EF6C2-A0CF-467B-82CB-16C5D2602369}.Debug|Win32.Build.0 = Debug|Win32
		{4F3EF6C2-A0CF-467B-82CB-16C5D2602369}.Release|Win32.ActiveCfg = Release|Win32
		{4F3EF6C2-A0CF-467B-82CB-16C5D2602369}.Release|Win32.Build.0 = Release|Win32
		{CFE3639E-DDB1-416D-84C3-2B9E9D641002}.Debug|Win32.ActiveCfg = Debug|Win32
		{CFE3639E-DDB1-416D-84C3-2B9E9D641002}.Debug|Win32.Build.0 = Debug|Win32
		{CFE3639E-DDB1-416D-84C3-2B9E9D641002}.Release|Win32.ActiveCfg = Release|Win32
		{CFE3639E-DDB1-416D-84C3-2B9E9D641002}.Release|Win32.Build.0 = Release|Win32
	EndGlobalSection
	GlobalSection(SolutionProperties) = preSolution
		HideSolutionNode = FALSE
	EndGlobalSection
EndGlobal
